// !$*UTF8*$!
{
	archiveVersion = 1;
	classes = {
	};
	objectVersion = 51;
	objects = {

/* Begin PBXBuildFile section */
		5C9A6B79ED19349C65097EAE /* Pods_ExamProject.framework in Frameworks */ = {isa = PBXBuildFile; fileRef = AD081B040720F30299ACBEBC /* Pods_ExamProject.framework */; };
		F41AD12326BBD18E00247375 /* API.swift in Sources */ = {isa = PBXBuildFile; fileRef = F41AD12226BBD18E00247375 /* API.swift */; };
		F41AD12D26BBF1E300247375 /* NetworkManager.swift in Sources */ = {isa = PBXBuildFile; fileRef = F41AD12C26BBF1E300247375 /* NetworkManager.swift */; };
		F41AD13126BC104E00247375 /* CardView.swift in Sources */ = {isa = PBXBuildFile; fileRef = F41AD13026BC104E00247375 /* CardView.swift */; };
		F43891E726BC16C7009E57CA /* VenueModel.swift in Sources */ = {isa = PBXBuildFile; fileRef = F43891E626BC16C7009E57CA /* VenueModel.swift */; };
		F46A20FA26BD47A10071E8B9 /* MapObjectModel.swift in Sources */ = {isa = PBXBuildFile; fileRef = F46A20F926BD47A10071E8B9 /* MapObjectModel.swift */; };
		F46A20FC26BD47D10071E8B9 /* MapObjectAnnotation.swift in Sources */ = {isa = PBXBuildFile; fileRef = F46A20FB26BD47D10071E8B9 /* MapObjectAnnotation.swift */; };
		F474AFAC26BBC77D00DCE0EF /* CardViewController.swift in Sources */ = {isa = PBXBuildFile; fileRef = F474AFAB26BBC77D00DCE0EF /* CardViewController.swift */; };
		F48FA5E926BAD6BB0052F2E9 /* AppDelegate.swift in Sources */ = {isa = PBXBuildFile; fileRef = F48FA5E826BAD6BB0052F2E9 /* AppDelegate.swift */; };
		F48FA5EB26BAD6BB0052F2E9 /* SceneDelegate.swift in Sources */ = {isa = PBXBuildFile; fileRef = F48FA5EA26BAD6BB0052F2E9 /* SceneDelegate.swift */; };
		F48FA5ED26BAD6BB0052F2E9 /* MapViewController.swift in Sources */ = {isa = PBXBuildFile; fileRef = F48FA5EC26BAD6BB0052F2E9 /* MapViewController.swift */; };
		F48FA5F026BAD6BB0052F2E9 /* Main.storyboard in Resources */ = {isa = PBXBuildFile; fileRef = F48FA5EE26BAD6BB0052F2E9 /* Main.storyboard */; };
		F48FA5F226BAD6BB0052F2E9 /* Assets.xcassets in Resources */ = {isa = PBXBuildFile; fileRef = F48FA5F126BAD6BB0052F2E9 /* Assets.xcassets */; };
		F48FA5F526BAD6BB0052F2E9 /* LaunchScreen.storyboard in Resources */ = {isa = PBXBuildFile; fileRef = F48FA5F326BAD6BB0052F2E9 /* LaunchScreen.storyboard */; };
/* End PBXBuildFile section */

/* Begin PBXFileReference section */
		1BC9C8727C850C049A0C8D61 /* Pods-ExamProject.debug.xcconfig */ = {isa = PBXFileReference; includeInIndex = 1; lastKnownFileType = text.xcconfig; name = "Pods-ExamProject.debug.xcconfig"; path = "Target Support Files/Pods-ExamProject/Pods-ExamProject.debug.xcconfig"; sourceTree = "<group>"; };
		AD081B040720F30299ACBEBC /* Pods_ExamProject.framework */ = {isa = PBXFileReference; explicitFileType = wrapper.framework; includeInIndex = 0; path = Pods_ExamProject.framework; sourceTree = BUILT_PRODUCTS_DIR; };
		D5C3AF5DC096F42B9D0E23E2 /* Pods-ExamProject.release.xcconfig */ = {isa = PBXFileReference; includeInIndex = 1; lastKnownFileType = text.xcconfig; name = "Pods-ExamProject.release.xcconfig"; path = "Target Support Files/Pods-ExamProject/Pods-ExamProject.release.xcconfig"; sourceTree = "<group>"; };
		F41AD12226BBD18E00247375 /* API.swift */ = {isa = PBXFileReference; lastKnownFileType = sourcecode.swift; path = API.swift; sourceTree = "<group>"; };
		F41AD12426BBD39C00247375 /* Config.xcconfig */ = {isa = PBXFileReference; lastKnownFileType = text.xcconfig; path = Config.xcconfig; sourceTree = "<group>"; };
		F41AD12C26BBF1E300247375 /* NetworkManager.swift */ = {isa = PBXFileReference; lastKnownFileType = sourcecode.swift; path = NetworkManager.swift; sourceTree = "<group>"; };
		F41AD13026BC104E00247375 /* CardView.swift */ = {isa = PBXFileReference; lastKnownFileType = sourcecode.swift; path = CardView.swift; sourceTree = "<group>"; };
		F43891E626BC16C7009E57CA /* VenueModel.swift */ = {isa = PBXFileReference; lastKnownFileType = sourcecode.swift; path = VenueModel.swift; sourceTree = "<group>"; };
		F46A20F926BD47A10071E8B9 /* MapObjectModel.swift */ = {isa = PBXFileReference; lastKnownFileType = sourcecode.swift; path = MapObjectModel.swift; sourceTree = "<group>"; };
		F46A20FB26BD47D10071E8B9 /* MapObjectAnnotation.swift */ = {isa = PBXFileReference; lastKnownFileType = sourcecode.swift; path = MapObjectAnnotation.swift; sourceTree = "<group>"; };
		F474AFAB26BBC77D00DCE0EF /* CardViewController.swift */ = {isa = PBXFileReference; lastKnownFileType = sourcecode.swift; path = CardViewController.swift; sourceTree = "<group>"; };
		F48FA5E526BAD6BB0052F2E9 /* ExamProject.app */ = {isa = PBXFileReference; explicitFileType = wrapper.application; includeInIndex = 0; path = ExamProject.app; sourceTree = BUILT_PRODUCTS_DIR; };
		F48FA5E826BAD6BB0052F2E9 /* AppDelegate.swift */ = {isa = PBXFileReference; lastKnownFileType = sourcecode.swift; path = AppDelegate.swift; sourceTree = "<group>"; };
		F48FA5EA26BAD6BB0052F2E9 /* SceneDelegate.swift */ = {isa = PBXFileReference; lastKnownFileType = sourcecode.swift; path = SceneDelegate.swift; sourceTree = "<group>"; };
		F48FA5EC26BAD6BB0052F2E9 /* MapViewController.swift */ = {isa = PBXFileReference; lastKnownFileType = sourcecode.swift; path = MapViewController.swift; sourceTree = "<group>"; };
		F48FA5EF26BAD6BB0052F2E9 /* Base */ = {isa = PBXFileReference; lastKnownFileType = file.storyboard; name = Base; path = Base.lproj/Main.storyboard; sourceTree = "<group>"; };
		F48FA5F126BAD6BB0052F2E9 /* Assets.xcassets */ = {isa = PBXFileReference; lastKnownFileType = folder.assetcatalog; path = Assets.xcassets; sourceTree = "<group>"; };
		F48FA5F426BAD6BB0052F2E9 /* Base */ = {isa = PBXFileReference; lastKnownFileType = file.storyboard; name = Base; path = Base.lproj/LaunchScreen.storyboard; sourceTree = "<group>"; };
		F48FA5F626BAD6BB0052F2E9 /* Info.plist */ = {isa = PBXFileReference; lastKnownFileType = text.plist.xml; path = Info.plist; sourceTree = "<group>"; };
/* End PBXFileReference section */

/* Begin PBXFrameworksBuildPhase section */
		F48FA5E226BAD6BB0052F2E9 /* Frameworks */ = {
			isa = PBXFrameworksBuildPhase;
			buildActionMask = 2147483647;
			files = (
				5C9A6B79ED19349C65097EAE /* Pods_ExamProject.framework in Frameworks */,
			);
			runOnlyForDeploymentPostprocessing = 0;
		};
/* End PBXFrameworksBuildPhase section */

/* Begin PBXGroup section */
		06EB09B01E79D6F153C902B3 /* Pods */ = {
			isa = PBXGroup;
			children = (
				1BC9C8727C850C049A0C8D61 /* Pods-ExamProject.debug.xcconfig */,
				D5C3AF5DC096F42B9D0E23E2 /* Pods-ExamProject.release.xcconfig */,
			);
			path = Pods;
			sourceTree = "<group>";
		};
		F09280B2FDFC5493A8CCA61D /* Frameworks */ = {
			isa = PBXGroup;
			children = (
				AD081B040720F30299ACBEBC /* Pods_ExamProject.framework */,
			);
			name = Frameworks;
			sourceTree = "<group>";
		};
		F41AD12B26BBE4F800247375 /* Network */ = {
			isa = PBXGroup;
			children = (
				F41AD12226BBD18E00247375 /* API.swift */,
				F41AD12C26BBF1E300247375 /* NetworkManager.swift */,
			);
			path = Network;
			sourceTree = "<group>";
		};
		F48FA5DC26BAD6BB0052F2E9 = {
			isa = PBXGroup;
			children = (
				F48FA5E726BAD6BB0052F2E9 /* ExamProject */,
				F48FA5E626BAD6BB0052F2E9 /* Products */,
				06EB09B01E79D6F153C902B3 /* Pods */,
				F09280B2FDFC5493A8CCA61D /* Frameworks */,
			);
			sourceTree = "<group>";
		};
		F48FA5E626BAD6BB0052F2E9 /* Products */ = {
			isa = PBXGroup;
			children = (
				F48FA5E526BAD6BB0052F2E9 /* ExamProject.app */,
			);
			name = Products;
			sourceTree = "<group>";
		};
		F48FA5E726BAD6BB0052F2E9 /* ExamProject */ = {
			isa = PBXGroup;
			children = (
				F41AD12426BBD39C00247375 /* Config.xcconfig */,
				F48FA5FC26BAD6C90052F2E9 /* Base classes */,
				F41AD12B26BBE4F800247375 /* Network */,
				F48FA60226BAD7410052F2E9 /* Storyboards */,
				F48FA60026BAD7250052F2E9 /* Application */,
				F48FA60126BAD7350052F2E9 /* Resources */,
				F48FA5F626BAD6BB0052F2E9 /* Info.plist */,
			);
			path = ExamProject;
			sourceTree = "<group>";
		};
		F48FA5FC26BAD6C90052F2E9 /* Base classes */ = {
			isa = PBXGroup;
			children = (
				F48FA5FF26BAD7100052F2E9 /* Controller */,
				F48FA5FE26BAD6FC0052F2E9 /* Model */,
				F48FA5FD26BAD6F60052F2E9 /* View */,
			);
			path = "Base classes";
			sourceTree = "<group>";
		};
		F48FA5FD26BAD6F60052F2E9 /* View */ = {
			isa = PBXGroup;
			children = (
				F41AD13026BC104E00247375 /* CardView.swift */,
			);
			path = View;
			sourceTree = "<group>";
		};
		F48FA5FE26BAD6FC0052F2E9 /* Model */ = {
			isa = PBXGroup;
			children = (
				F43891E626BC16C7009E57CA /* VenueModel.swift */,
				F46A20F926BD47A10071E8B9 /* MapObjectModel.swift */,
				F46A20FB26BD47D10071E8B9 /* MapObjectAnnotation.swift */,
			);
			path = Model;
			sourceTree = "<group>";
		};
		F48FA5FF26BAD7100052F2E9 /* Controller */ = {
			isa = PBXGroup;
			children = (
				F48FA5EC26BAD6BB0052F2E9 /* MapViewController.swift */,
				F474AFAB26BBC77D00DCE0EF /* CardViewController.swift */,
			);
			path = Controller;
			sourceTree = "<group>";
		};
		F48FA60026BAD7250052F2E9 /* Application */ = {
			isa = PBXGroup;
			children = (
				F48FA5EA26BAD6BB0052F2E9 /* SceneDelegate.swift */,
				F48FA5E826BAD6BB0052F2E9 /* AppDelegate.swift */,
			);
			path = Application;
			sourceTree = "<group>";
		};
		F48FA60126BAD7350052F2E9 /* Resources */ = {
			isa = PBXGroup;
			children = (
				F48FA5F126BAD6BB0052F2E9 /* Assets.xcassets */,
			);
			path = Resources;
			sourceTree = "<group>";
		};
		F48FA60226BAD7410052F2E9 /* Storyboards */ = {
			isa = PBXGroup;
			children = (
				F48FA5F326BAD6BB0052F2E9 /* LaunchScreen.storyboard */,
				F48FA5EE26BAD6BB0052F2E9 /* Main.storyboard */,
			);
			path = Storyboards;
			sourceTree = "<group>";
		};
/* End PBXGroup section */

/* Begin PBXNativeTarget section */
		F48FA5E426BAD6BB0052F2E9 /* ExamProject */ = {
			isa = PBXNativeTarget;
			buildConfigurationList = F48FA5F926BAD6BB0052F2E9 /* Build configuration list for PBXNativeTarget "ExamProject" */;
			buildPhases = (
				B7E7C95233612143E102B829 /* [CP] Check Pods Manifest.lock */,
				F48FA5E126BAD6BB0052F2E9 /* Sources */,
				F48FA5E226BAD6BB0052F2E9 /* Frameworks */,
				F48FA5E326BAD6BB0052F2E9 /* Resources */,
				471B641ACAC20FF7C28A8426 /* [CP] Embed Pods Frameworks */,
			);
			buildRules = (
			);
			dependencies = (
			);
			name = ExamProject;
			productName = ExamProject;
			productReference = F48FA5E526BAD6BB0052F2E9 /* ExamProject.app */;
			productType = "com.apple.product-type.application";
		};
/* End PBXNativeTarget section */

/* Begin PBXProject section */
		F48FA5DD26BAD6BB0052F2E9 /* Project object */ = {
			isa = PBXProject;
			attributes = {
				LastSwiftUpdateCheck = 1250;
				LastUpgradeCheck = 1250;
				TargetAttributes = {
					F48FA5E426BAD6BB0052F2E9 = {
						CreatedOnToolsVersion = 12.5.1;
					};
				};
			};
			buildConfigurationList = F48FA5E026BAD6BB0052F2E9 /* Build configuration list for PBXProject "ExamProject" */;
			compatibilityVersion = "Xcode 9.3";
			developmentRegion = en;
			hasScannedForEncodings = 0;
			knownRegions = (
				en,
				Base,
			);
			mainGroup = F48FA5DC26BAD6BB0052F2E9;
			productRefGroup = F48FA5E626BAD6BB0052F2E9 /* Products */;
			projectDirPath = "";
			projectRoot = "";
			targets = (
				F48FA5E426BAD6BB0052F2E9 /* ExamProject */,
			);
		};
/* End PBXProject section */

/* Begin PBXResourcesBuildPhase section */
		F48FA5E326BAD6BB0052F2E9 /* Resources */ = {
			isa = PBXResourcesBuildPhase;
			buildActionMask = 2147483647;
			files = (
				F48FA5F526BAD6BB0052F2E9 /* LaunchScreen.storyboard in Resources */,
				F48FA5F226BAD6BB0052F2E9 /* Assets.xcassets in Resources */,
				F48FA5F026BAD6BB0052F2E9 /* Main.storyboard in Resources */,
			);
			runOnlyForDeploymentPostprocessing = 0;
		};
/* End PBXResourcesBuildPhase section */

/* Begin PBXShellScriptBuildPhase section */
		471B641ACAC20FF7C28A8426 /* [CP] Embed Pods Frameworks */ = {
			isa = PBXShellScriptBuildPhase;
			buildActionMask = 2147483647;
			files = (
			);
			inputFileListPaths = (
				"${PODS_ROOT}/Target Support Files/Pods-ExamProject/Pods-ExamProject-frameworks-${CONFIGURATION}-input-files.xcfilelist",
			);
			name = "[CP] Embed Pods Frameworks";
			outputFileListPaths = (
				"${PODS_ROOT}/Target Support Files/Pods-ExamProject/Pods-ExamProject-frameworks-${CONFIGURATION}-output-files.xcfilelist",
			);
			runOnlyForDeploymentPostprocessing = 0;
			shellPath = /bin/sh;
			shellScript = "\"${PODS_ROOT}/Target Support Files/Pods-ExamProject/Pods-ExamProject-frameworks.sh\"\n";
			showEnvVarsInLog = 0;
		};
		B7E7C95233612143E102B829 /* [CP] Check Pods Manifest.lock */ = {
			isa = PBXShellScriptBuildPhase;
			buildActionMask = 2147483647;
			files = (
			);
			inputFileListPaths = (
			);
			inputPaths = (
				"${PODS_PODFILE_DIR_PATH}/Podfile.lock",
				"${PODS_ROOT}/Manifest.lock",
			);
			name = "[CP] Check Pods Manifest.lock";
			outputFileListPaths = (
			);
			outputPaths = (
				"$(DERIVED_FILE_DIR)/Pods-ExamProject-checkManifestLockResult.txt",
			);
			runOnlyForDeploymentPostprocessing = 0;
			shellPath = /bin/sh;
			shellScript = "diff \"${PODS_PODFILE_DIR_PATH}/Podfile.lock\" \"${PODS_ROOT}/Manifest.lock\" > /dev/null\nif [ $? != 0 ] ; then\n    # print error to STDERR\n    echo \"error: The sandbox is not in sync with the Podfile.lock. Run 'pod install' or update your CocoaPods installation.\" >&2\n    exit 1\nfi\n# This output is used by Xcode 'outputs' to avoid re-running this script phase.\necho \"SUCCESS\" > \"${SCRIPT_OUTPUT_FILE_0}\"\n";
			showEnvVarsInLog = 0;
		};
/* End PBXShellScriptBuildPhase section */

/* Begin PBXSourcesBuildPhase section */
		F48FA5E126BAD6BB0052F2E9 /* Sources */ = {
			isa = PBXSourcesBuildPhase;
			buildActionMask = 2147483647;
			files = (
				F48FA5ED26BAD6BB0052F2E9 /* MapViewController.swift in Sources */,
				F48FA5E926BAD6BB0052F2E9 /* AppDelegate.swift in Sources */,
				F48FA5EB26BAD6BB0052F2E9 /* SceneDelegate.swift in Sources */,
				F43891E726BC16C7009E57CA /* VenueModel.swift in Sources */,
				F41AD12D26BBF1E300247375 /* NetworkManager.swift in Sources */,
				F46A20FA26BD47A10071E8B9 /* MapObjectModel.swift in Sources */,
				F474AFAC26BBC77D00DCE0EF /* CardViewController.swift in Sources */,
				F46A20FC26BD47D10071E8B9 /* MapObjectAnnotation.swift in Sources */,
				F41AD12326BBD18E00247375 /* API.swift in Sources */,
				F41AD13126BC104E00247375 /* CardView.swift in Sources */,
			);
			runOnlyForDeploymentPostprocessing = 0;
		};
/* End PBXSourcesBuildPhase section */

/* Begin PBXVariantGroup section */
		F48FA5EE26BAD6BB0052F2E9 /* Main.storyboard */ = {
			isa = PBXVariantGroup;
			children = (
				F48FA5EF26BAD6BB0052F2E9 /* Base */,
			);
			name = Main.storyboard;
			sourceTree = "<group>";
		};
		F48FA5F326BAD6BB0052F2E9 /* LaunchScreen.storyboard */ = {
			isa = PBXVariantGroup;
			children = (
				F48FA5F426BAD6BB0052F2E9 /* Base */,
			);
			name = LaunchScreen.storyboard;
			sourceTree = "<group>";
		};
/* End PBXVariantGroup section */

/* Begin XCBuildConfiguration section */
		F48FA5F726BAD6BB0052F2E9 /* Debug */ = {
			isa = XCBuildConfiguration;
			baseConfigurationReference = F41AD12426BBD39C00247375 /* Config.xcconfig */;
			buildSettings = {
				ALWAYS_SEARCH_USER_PATHS = NO;
				CLANG_ANALYZER_NONNULL = YES;
				CLANG_ANALYZER_NUMBER_OBJECT_CONVERSION = YES_AGGRESSIVE;
				CLANG_CXX_LANGUAGE_STANDARD = "gnu++14";
				CLANG_CXX_LIBRARY = "libc++";
				CLANG_ENABLE_MODULES = YES;
				CLANG_ENABLE_OBJC_ARC = YES;
				CLANG_ENABLE_OBJC_WEAK = YES;
				CLANG_WARN_BLOCK_CAPTURE_AUTORELEASING = YES;
				CLANG_WARN_BOOL_CONVERSION = YES;
				CLANG_WARN_COMMA = YES;
				CLANG_WARN_CONSTANT_CONVERSION = YES;
				CLANG_WARN_DEPRECATED_OBJC_IMPLEMENTATIONS = YES;
				CLANG_WARN_DIRECT_OBJC_ISA_USAGE = YES_ERROR;
				CLANG_WARN_DOCUMENTATION_COMMENTS = YES;
				CLANG_WARN_EMPTY_BODY = YES;
				CLANG_WARN_ENUM_CONVERSION = YES;
				CLANG_WARN_INFINITE_RECURSION = YES;
				CLANG_WARN_INT_CONVERSION = YES;
				CLANG_WARN_NON_LITERAL_NULL_CONVERSION = YES;
				CLANG_WARN_OBJC_IMPLICIT_RETAIN_SELF = YES;
				CLANG_WARN_OBJC_LITERAL_CONVERSION = YES;
				CLANG_WARN_OBJC_ROOT_CLASS = YES_ERROR;
				CLANG_WARN_QUOTED_INCLUDE_IN_FRAMEWORK_HEADER = YES;
				CLANG_WARN_RANGE_LOOP_ANALYSIS = YES;
				CLANG_WARN_STRICT_PROTOTYPES = YES;
				CLANG_WARN_SUSPICIOUS_MOVE = YES;
				CLANG_WARN_UNGUARDED_AVAILABILITY = YES_AGGRESSIVE;
				CLANG_WARN_UNREACHABLE_CODE = YES;
				CLANG_WARN__DUPLICATE_METHOD_MATCH = YES;
				COPY_PHASE_STRIP = NO;
				DEBUG_INFORMATION_FORMAT = dwarf;
				ENABLE_STRICT_OBJC_MSGSEND = YES;
				ENABLE_TESTABILITY = YES;
				GCC_C_LANGUAGE_STANDARD = gnu11;
				GCC_DYNAMIC_NO_PIC = NO;
				GCC_NO_COMMON_BLOCKS = YES;
				GCC_OPTIMIZATION_LEVEL = 0;
				GCC_PREPROCESSOR_DEFINITIONS = (
					"DEBUG=1",
					"$(inherited)",
				);
				GCC_WARN_64_TO_32_BIT_CONVERSION = YES;
				GCC_WARN_ABOUT_RETURN_TYPE = YES_ERROR;
				GCC_WARN_UNDECLARED_SELECTOR = YES;
				GCC_WARN_UNINITIALIZED_AUTOS = YES_AGGRESSIVE;
				GCC_WARN_UNUSED_FUNCTION = YES;
				GCC_WARN_UNUSED_VARIABLE = YES;
				IPHONEOS_DEPLOYMENT_TARGET = 14.5;
				MTL_ENABLE_DEBUG_INFO = INCLUDE_SOURCE;
				MTL_FAST_MATH = YES;
				ONLY_ACTIVE_ARCH = YES;
				SDKROOT = iphoneos;
				SWIFT_ACTIVE_COMPILATION_CONDITIONS = DEBUG;
				SWIFT_OPTIMIZATION_LEVEL = "-Onone";
			};
			name = Debug;
		};
		F48FA5F826BAD6BB0052F2E9 /* Release */ = {
			isa = XCBuildConfiguration;
			baseConfigurationReference = F41AD12426BBD39C00247375 /* Config.xcconfig */;
			buildSettings = {
				ALWAYS_SEARCH_USER_PATHS = NO;
				CLANG_ANALYZER_NONNULL = YES;
				CLANG_ANALYZER_NUMBER_OBJECT_CONVERSION = YES_AGGRESSIVE;
				CLANG_CXX_LANGUAGE_STANDARD = "gnu++14";
				CLANG_CXX_LIBRARY = "libc++";
				CLANG_ENABLE_MODULES = YES;
				CLANG_ENABLE_OBJC_ARC = YES;
				CLANG_ENABLE_OBJC_WEAK = YES;
				CLANG_WARN_BLOCK_CAPTURE_AUTORELEASING = YES;
				CLANG_WARN_BOOL_CONVERSION = YES;
				CLANG_WARN_COMMA = YES;
				CLANG_WARN_CONSTANT_CONVERSION = YES;
				CLANG_WARN_DEPRECATED_OBJC_IMPLEMENTATIONS = YES;
				CLANG_WARN_DIRECT_OBJC_ISA_USAGE = YES_ERROR;
				CLANG_WARN_DOCUMENTATION_COMMENTS = YES;
				CLANG_WARN_EMPTY_BODY = YES;
				CLANG_WARN_ENUM_CONVERSION = YES;
				CLANG_WARN_INFINITE_RECURSION = YES;
				CLANG_WARN_INT_CONVERSION = YES;
				CLANG_WARN_NON_LITERAL_NULL_CONVERSION = YES;
				CLANG_WARN_OBJC_IMPLICIT_RETAIN_SELF = YES;
				CLANG_WARN_OBJC_LITERAL_CONVERSION = YES;
				CLANG_WARN_OBJC_ROOT_CLASS = YES_ERROR;
				CLANG_WARN_QUOTED_INCLUDE_IN_FRAMEWORK_HEADER = YES;
				CLANG_WARN_RANGE_LOOP_ANALYSIS = YES;
				CLANG_WARN_STRICT_PROTOTYPES = YES;
				CLANG_WARN_SUSPICIOUS_MOVE = YES;
				CLANG_WARN_UNGUARDED_AVAILABILITY = YES_AGGRESSIVE;
				CLANG_WARN_UNREACHABLE_CODE = YES;
				CLANG_WARN__DUPLICATE_METHOD_MATCH = YES;
				COPY_PHASE_STRIP = NO;
				DEBUG_INFORMATION_FORMAT = "dwarf-with-dsym";
				ENABLE_NS_ASSERTIONS = NO;
				ENABLE_STRICT_OBJC_MSGSEND = YES;
				GCC_C_LANGUAGE_STANDARD = gnu11;
				GCC_NO_COMMON_BLOCKS = YES;
				GCC_WARN_64_TO_32_BIT_CONVERSION = YES;
				GCC_WARN_ABOUT_RETURN_TYPE = YES_ERROR;
				GCC_WARN_UNDECLARED_SELECTOR = YES;
				GCC_WARN_UNINITIALIZED_AUTOS = YES_AGGRESSIVE;
				GCC_WARN_UNUSED_FUNCTION = YES;
				GCC_WARN_UNUSED_VARIABLE = YES;
				IPHONEOS_DEPLOYMENT_TARGET = 14.5;
				MTL_ENABLE_DEBUG_INFO = NO;
				MTL_FAST_MATH = YES;
				SDKROOT = iphoneos;
				SWIFT_COMPILATION_MODE = wholemodule;
				SWIFT_OPTIMIZATION_LEVEL = "-O";
				VALIDATE_PRODUCT = YES;
			};
			name = Release;
		};
		F48FA5FA26BAD6BB0052F2E9 /* Debug */ = {
			isa = XCBuildConfiguration;
			baseConfigurationReference = 1BC9C8727C850C049A0C8D61 /* Pods-ExamProject.debug.xcconfig */;
			buildSettings = {
				ASSETCATALOG_COMPILER_APPICON_NAME = AppIcon;
				ASSETCATALOG_COMPILER_GLOBAL_ACCENT_COLOR_NAME = AccentColor;
				CODE_SIGN_STYLE = Automatic;
				INFOPLIST_FILE = ExamProject/Info.plist;
				LD_RUNPATH_SEARCH_PATHS = (
					"$(inherited)",
					"@executable_path/Frameworks",
				);
				PRODUCT_BUNDLE_IDENTIFIER = VS.ExamProject;
				PRODUCT_NAME = "$(TARGET_NAME)";
				SWIFT_VERSION = 5.0;
				TARGETED_DEVICE_FAMILY = "1,2";
			};
			name = Debug;
		};
		F48FA5FB26BAD6BB0052F2E9 /* Release */ = {
			isa = XCBuildConfiguration;
			baseConfigurationReference = D5C3AF5DC096F42B9D0E23E2 /* Pods-ExamProject.release.xcconfig */;
			buildSettings = {
				ASSETCATALOG_COMPILER_APPICON_NAME = AppIcon;
				ASSETCATALOG_COMPILER_GLOBAL_ACCENT_COLOR_NAME = AccentColor;
				CODE_SIGN_STYLE = Automatic;
				INFOPLIST_FILE = ExamProject/Info.plist;
				LD_RUNPATH_SEARCH_PATHS = (
					"$(inherited)",
					"@executable_path/Frameworks",
				);
				PRODUCT_BUNDLE_IDENTIFIER = VS.ExamProject;
				PRODUCT_NAME = "$(TARGET_NAME)";
				SWIFT_VERSION = 5.0;
				TARGETED_DEVICE_FAMILY = "1,2";
			};
			name = Release;
		};
/* End XCBuildConfiguration section */

/* Begin XCConfigurationList section */
		F48FA5E026BAD6BB0052F2E9 /* Build configuration list for PBXProject "ExamProject" */ = {
			isa = XCConfigurationList;
			buildConfigurations = (
				F48FA5F726BAD6BB0052F2E9 /* Debug */,
				F48FA5F826BAD6BB0052F2E9 /* Release */,
			);
			defaultConfigurationIsVisible = 0;
			defaultConfigurationName = Release;
		};
		F48FA5F926BAD6BB0052F2E9 /* Build configuration list for PBXNativeTarget "ExamProject" */ = {
			isa = XCConfigurationList;
			buildConfigurations = (
				F48FA5FA26BAD6BB0052F2E9 /* Debug */,
				F48FA5FB26BAD6BB0052F2E9 /* Release */,
			);
			defaultConfigurationIsVisible = 0;
			defaultConfigurationName = Release;
		};
/* End XCConfigurationList section */
	};
	rootObject = F48FA5DD26BAD6BB0052F2E9 /* Project object */;
}
