// !$*UTF8*$!
{
	archiveVersion = 1;
	classes = {
	};
	objectVersion = 50;
	objects = {

/* Begin PBXBuildFile section */
		F48FA5E926BAD6BB0052F2E9 /* AppDelegate.swift in Sources */ = {isa = PBXBuildFile; fileRef = F48FA5E826BAD6BB0052F2E9 /* AppDelegate.swift */; };
		F48FA5EB26BAD6BB0052F2E9 /* SceneDelegate.swift in Sources */ = {isa = PBXBuildFile; fileRef = F48FA5EA26BAD6BB0052F2E9 /* SceneDelegate.swift */; };
		F48FA5ED26BAD6BB0052F2E9 /* ViewController.swift in Sources */ = {isa = PBXBuildFile; fileRef = F48FA5EC26BAD6BB0052F2E9 /* ViewController.swift */; };
		F48FA5F026BAD6BB0052F2E9 /* Main.storyboard in Resources */ = {isa = PBXBuildFile; fileRef = F48FA5EE26BAD6BB0052F2E9 /* Main.storyboard */; };
		F48FA5F226BAD6BB0052F2E9 /* Assets.xcassets in Resources */ = {isa = PBXBuildFile; fileRef = F48FA5F126BAD6BB0052F2E9 /* Assets.xcassets */; };
		F48FA5F526BAD6BB0052F2E9 /* LaunchScreen.storyboard in Resources */ = {isa = PBXBuildFile; fileRef = F48FA5F326BAD6BB0052F2E9 /* LaunchScreen.storyboard */; };
		F48FA60426BADAF50052F2E9 /* MapObject.swift in Sources */ = {isa = PBXBuildFile; fileRef = F48FA60326BADAF50052F2E9 /* MapObject.swift */; };
/* End PBXBuildFile section */

/* Begin PBXFileReference section */
		F48FA5E526BAD6BB0052F2E9 /* ExamProject.app */ = {isa = PBXFileReference; explicitFileType = wrapper.application; includeInIndex = 0; path = ExamProject.app; sourceTree = BUILT_PRODUCTS_DIR; };
		F48FA5E826BAD6BB0052F2E9 /* AppDelegate.swift */ = {isa = PBXFileReference; lastKnownFileType = sourcecode.swift; path = AppDelegate.swift; sourceTree = "<group>"; };
		F48FA5EA26BAD6BB0052F2E9 /* SceneDelegate.swift */ = {isa = PBXFileReference; lastKnownFileType = sourcecode.swift; path = SceneDelegate.swift; sourceTree = "<group>"; };
		F48FA5EC26BAD6BB0052F2E9 /* ViewController.swift */ = {isa = PBXFileReference; lastKnownFileType = sourcecode.swift; path = ViewController.swift; sourceTree = "<group>"; };
		F48FA5EF26BAD6BB0052F2E9 /* Base */ = {isa = PBXFileReference; lastKnownFileType = file.storyboard; name = Base; path = Base.lproj/Main.storyboard; sourceTree = "<group>"; };
		F48FA5F126BAD6BB0052F2E9 /* Assets.xcassets */ = {isa = PBXFileReference; lastKnownFileType = folder.assetcatalog; path = Assets.xcassets; sourceTree = "<group>"; };
		F48FA5F426BAD6BB0052F2E9 /* Base */ = {isa = PBXFileReference; lastKnownFileType = file.storyboard; name = Base; path = Base.lproj/LaunchScreen.storyboard; sourceTree = "<group>"; };
		F48FA5F626BAD6BB0052F2E9 /* Info.plist */ = {isa = PBXFileReference; lastKnownFileType = text.plist.xml; path = Info.plist; sourceTree = "<group>"; };
		F48FA60326BADAF50052F2E9 /* MapObject.swift */ = {isa = PBXFileReference; lastKnownFileType = sourcecode.swift; path = MapObject.swift; sourceTree = "<group>"; };
/* End PBXFileReference section */

/* Begin PBXFrameworksBuildPhase section */
		F48FA5E226BAD6BB0052F2E9 /* Frameworks */ = {
			isa = PBXFrameworksBuildPhase;
			buildActionMask = 2147483647;
			files = (
			);
			runOnlyForDeploymentPostprocessing = 0;
		};
/* End PBXFrameworksBuildPhase section */

/* Begin PBXGroup section */
		F48FA5DC26BAD6BB0052F2E9 = {
			isa = PBXGroup;
			children = (
				F48FA5E726BAD6BB0052F2E9 /* ExamProject */,
				F48FA5E626BAD6BB0052F2E9 /* Products */,
			);
			sourceTree = "<group>";
		};
		F48FA5E626BAD6BB0052F2E9 /* Products */ = {
			isa = PBXGroup;
			children = (
				F48FA5E526BAD6BB0052F2E9 /* ExamProject.app */,
			);
			name = Products;
			sourceTree = "<group>";
		};
		F48FA5E726BAD6BB0052F2E9 /* ExamProject */ = {
			isa = PBXGroup;
			children = (
				F48FA5FC26BAD6C90052F2E9 /* Base classes */,
				F48FA60226BAD7410052F2E9 /* Storyboards */,
				F48FA60026BAD7250052F2E9 /* Application */,
				F48FA60126BAD7350052F2E9 /* Resources */,
				F48FA5F626BAD6BB0052F2E9 /* Info.plist */,
			);
			path = ExamProject;
			sourceTree = "<group>";
		};
		F48FA5FC26BAD6C90052F2E9 /* Base classes */ = {
			isa = PBXGroup;
			children = (
				F48FA5FF26BAD7100052F2E9 /* Controller */,
				F48FA5FE26BAD6FC0052F2E9 /* Model */,
				F48FA5FD26BAD6F60052F2E9 /* View */,
			);
			path = "Base classes";
			sourceTree = "<group>";
		};
		F48FA5FD26BAD6F60052F2E9 /* View */ = {
			isa = PBXGroup;
			children = (
			);
			path = View;
			sourceTree = "<group>";
		};
		F48FA5FE26BAD6FC0052F2E9 /* Model */ = {
			isa = PBXGroup;
			children = (
				F48FA60326BADAF50052F2E9 /* MapObject.swift */,
			);
			path = Model;
			sourceTree = "<group>";
		};
		F48FA5FF26BAD7100052F2E9 /* Controller */ = {
			isa = PBXGroup;
			children = (
				F48FA5EC26BAD6BB0052F2E9 /* ViewController.swift */,
			);
			path = Controller;
			sourceTree = "<group>";
		};
		F48FA60026BAD7250052F2E9 /* Application */ = {
			isa = PBXGroup;
			children = (
				F48FA5EA26BAD6BB0052F2E9 /* SceneDelegate.swift */,
				F48FA5E826BAD6BB0052F2E9 /* AppDelegate.swift */,
			);
			path = Application;
			sourceTree = "<group>";
		};
		F48FA60126BAD7350052F2E9 /* Resources */ = {
			isa = PBXGroup;
			children = (
				F48FA5F126BAD6BB0052F2E9 /* Assets.xcassets */,
			);
			path = Resources;
			sourceTree = "<group>";
		};
		F48FA60226BAD7410052F2E9 /* Storyboards */ = {
			isa = PBXGroup;
			children = (
				F48FA5F326BAD6BB0052F2E9 /* LaunchScreen.storyboard */,
				F48FA5EE26BAD6BB0052F2E9 /* Main.storyboard */,
			);
			path = Storyboards;
			sourceTree = "<group>";
		};
/* End PBXGroup section */

/* Begin PBXNativeTarget section */
		F48FA5E426BAD6BB0052F2E9 /* ExamProject */ = {
			isa = PBXNativeTarget;
			buildConfigurationList = F48FA5F926BAD6BB0052F2E9 /* Build configuration list for PBXNativeTarget "ExamProject" */;
			buildPhases = (
				F48FA5E126BAD6BB0052F2E9 /* Sources */,
				F48FA5E226BAD6BB0052F2E9 /* Frameworks */,
				F48FA5E326BAD6BB0052F2E9 /* Resources */,
			);
			buildRules = (
			);
			dependencies = (
			);
			name = ExamProject;
			productName = ExamProject;
			productReference = F48FA5E526BAD6BB0052F2E9 /* ExamProject.app */;
			productType = "com.apple.product-type.application";
		};
/* End PBXNativeTarget section */

/* Begin PBXProject section */
		F48FA5DD26BAD6BB0052F2E9 /* Project object */ = {
			isa = PBXProject;
			attributes = {
				LastSwiftUpdateCheck = 1250;
				LastUpgradeCheck = 1250;
				TargetAttributes = {
					F48FA5E426BAD6BB0052F2E9 = {
						CreatedOnToolsVersion = 12.5.1;
					};
				};
			};
			buildConfigurationList = F48FA5E026BAD6BB0052F2E9 /* Build configuration list for PBXProject "ExamProject" */;
			compatibilityVersion = "Xcode 9.3";
			developmentRegion = en;
			hasScannedForEncodings = 0;
			knownRegions = (
				en,
				Base,
			);
			mainGroup = F48FA5DC26BAD6BB0052F2E9;
			productRefGroup = F48FA5E626BAD6BB0052F2E9 /* Products */;
			projectDirPath = "";
			projectRoot = "";
			targets = (
				F48FA5E426BAD6BB0052F2E9 /* ExamProject */,
			);
		};
/* End PBXProject section */

/* Begin PBXResourcesBuildPhase section */
		F48FA5E326BAD6BB0052F2E9 /* Resources */ = {
			isa = PBXResourcesBuildPhase;
			buildActionMask = 2147483647;
			files = (
				F48FA5F526BAD6BB0052F2E9 /* LaunchScreen.storyboard in Resources */,
				F48FA5F226BAD6BB0052F2E9 /* Assets.xcassets in Resources */,
				F48FA5F026BAD6BB0052F2E9 /* Main.storyboard in Resources */,
			);
			runOnlyForDeploymentPostprocessing = 0;
		};
/* End PBXResourcesBuildPhase section */

/* Begin PBXSourcesBuildPhase section */
		F48FA5E126BAD6BB0052F2E9 /* Sources */ = {
			isa = PBXSourcesBuildPhase;
			buildActionMask = 2147483647;
			files = (
				F48FA5ED26BAD6BB0052F2E9 /* ViewController.swift in Sources */,
				F48FA5E926BAD6BB0052F2E9 /* AppDelegate.swift in Sources */,
				F48FA5EB26BAD6BB0052F2E9 /* SceneDelegate.swift in Sources */,
				F48FA60426BADAF50052F2E9 /* MapObject.swift in Sources */,
			);
			runOnlyForDeploymentPostprocessing = 0;
		};
/* End PBXSourcesBuildPhase section */

/* Begin PBXVariantGroup section */
		F48FA5EE26BAD6BB0052F2E9 /* Main.storyboard */ = {
			isa = PBXVariantGroup;
			children = (
				F48FA5EF26BAD6BB0052F2E9 /* Base */,
			);
			name = Main.storyboard;
			sourceTree = "<group>";
		};
		F48FA5F326BAD6BB0052F2E9 /* LaunchScreen.storyboard */ = {
			isa = PBXVariantGroup;
			children = (
				F48FA5F426BAD6BB0052F2E9 /* Base */,
			);
			name = LaunchScreen.storyboard;
			sourceTree = "<group>";
		};
/* End PBXVariantGroup section */

/* Begin XCBuildConfiguration section */
		F48FA5F726BAD6BB0052F2E9 /* Debug */ = {
			isa = XCBuildConfiguration;
			buildSettings = {
				ALWAYS_SEARCH_USER_PATHS = NO;
				CLANG_ANALYZER_NONNULL = YES;
				CLANG_ANALYZER_NUMBER_OBJECT_CONVERSION = YES_AGGRESSIVE;
				CLANG_CXX_LANGUAGE_STANDARD = "gnu++14";
				CLANG_CXX_LIBRARY = "libc++";
				CLANG_ENABLE_MODULES = YES;
				CLANG_ENABLE_OBJC_ARC = YES;
				CLANG_ENABLE_OBJC_WEAK = YES;
				CLANG_WARN_BLOCK_CAPTURE_AUTORELEASING = YES;
				CLANG_WARN_BOOL_CONVERSION = YES;
				CLANG_WARN_COMMA = YES;
				CLANG_WARN_CONSTANT_CONVERSION = YES;
				CLANG_WARN_DEPRECATED_OBJC_IMPLEMENTATIONS = YES;
				CLANG_WARN_DIRECT_OBJC_ISA_USAGE = YES_ERROR;
				CLANG_WARN_DOCUMENTATION_COMMENTS = YES;
				CLANG_WARN_EMPTY_BODY = YES;
				CLANG_WARN_ENUM_CONVERSION = YES;
				CLANG_WARN_INFINITE_RECURSION = YES;
				CLANG_WARN_INT_CONVERSION = YES;
				CLANG_WARN_NON_LITERAL_NULL_CONVERSION = YES;
				CLANG_WARN_OBJC_IMPLICIT_RETAIN_SELF = YES;
				CLANG_WARN_OBJC_LITERAL_CONVERSION = YES;
				CLANG_WARN_OBJC_ROOT_CLASS = YES_ERROR;
				CLANG_WARN_QUOTED_INCLUDE_IN_FRAMEWORK_HEADER = YES;
				CLANG_WARN_RANGE_LOOP_ANALYSIS = YES;
				CLANG_WARN_STRICT_PROTOTYPES = YES;
				CLANG_WARN_SUSPICIOUS_MOVE = YES;
				CLANG_WARN_UNGUARDED_AVAILABILITY = YES_AGGRESSIVE;
				CLANG_WARN_UNREACHABLE_CODE = YES;
				CLANG_WARN__DUPLICATE_METHOD_MATCH = YES;
				COPY_PHASE_STRIP = NO;
				DEBUG_INFORMATION_FORMAT = dwarf;
				ENABLE_STRICT_OBJC_MSGSEND = YES;
				ENABLE_TESTABILITY = YES;
				GCC_C_LANGUAGE_STANDARD = gnu11;
				GCC_DYNAMIC_NO_PIC = NO;
				GCC_NO_COMMON_BLOCKS = YES;
				GCC_OPTIMIZATION_LEVEL = 0;
				GCC_PREPROCESSOR_DEFINITIONS = (
					"DEBUG=1",
					"$(inherited)",
				);
				GCC_WARN_64_TO_32_BIT_CONVERSION = YES;
				GCC_WARN_ABOUT_RETURN_TYPE = YES_ERROR;
				GCC_WARN_UNDECLARED_SELECTOR = YES;
				GCC_WARN_UNINITIALIZED_AUTOS = YES_AGGRESSIVE;
				GCC_WARN_UNUSED_FUNCTION = YES;
				GCC_WARN_UNUSED_VARIABLE = YES;
				IPHONEOS_DEPLOYMENT_TARGET = 14.5;
				MTL_ENABLE_DEBUG_INFO = INCLUDE_SOURCE;
				MTL_FAST_MATH = YES;
				ONLY_ACTIVE_ARCH = YES;
				SDKROOT = iphoneos;
				SWIFT_ACTIVE_COMPILATION_CONDITIONS = DEBUG;
				SWIFT_OPTIMIZATION_LEVEL = "-Onone";
			};
			name = Debug;
		};
		F48FA5F826BAD6BB0052F2E9 /* Release */ = {
			isa = XCBuildConfiguration;
			buildSettings = {
				ALWAYS_SEARCH_USER_PATHS = NO;
				CLANG_ANALYZER_NONNULL = YES;
				CLANG_ANALYZER_NUMBER_OBJECT_CONVERSION = YES_AGGRESSIVE;
				CLANG_CXX_LANGUAGE_STANDARD = "gnu++14";
				CLANG_CXX_LIBRARY = "libc++";
				CLANG_ENABLE_MODULES = YES;
				CLANG_ENABLE_OBJC_ARC = YES;
				CLANG_ENABLE_OBJC_WEAK = YES;
				CLANG_WARN_BLOCK_CAPTURE_AUTORELEASING = YES;
				CLANG_WARN_BOOL_CONVERSION = YES;
				CLANG_WARN_COMMA = YES;
				CLANG_WARN_CONSTANT_CONVERSION = YES;
				CLANG_WARN_DEPRECATED_OBJC_IMPLEMENTATIONS = YES;
				CLANG_WARN_DIRECT_OBJC_ISA_USAGE = YES_ERROR;
				CLANG_WARN_DOCUMENTATION_COMMENTS = YES;
				CLANG_WARN_EMPTY_BODY = YES;
				CLANG_WARN_ENUM_CONVERSION = YES;
				CLANG_WARN_INFINITE_RECURSION = YES;
				CLANG_WARN_INT_CONVERSION = YES;
				CLANG_WARN_NON_LITERAL_NULL_CONVERSION = YES;
				CLANG_WARN_OBJC_IMPLICIT_RETAIN_SELF = YES;
				CLANG_WARN_OBJC_LITERAL_CONVERSION = YES;
				CLANG_WARN_OBJC_ROOT_CLASS = YES_ERROR;
				CLANG_WARN_QUOTED_INCLUDE_IN_FRAMEWORK_HEADER = YES;
				CLANG_WARN_RANGE_LOOP_ANALYSIS = YES;
				CLANG_WARN_STRICT_PROTOTYPES = YES;
				CLANG_WARN_SUSPICIOUS_MOVE = YES;
				CLANG_WARN_UNGUARDED_AVAILABILITY = YES_AGGRESSIVE;
				CLANG_WARN_UNREACHABLE_CODE = YES;
				CLANG_WARN__DUPLICATE_METHOD_MATCH = YES;
				COPY_PHASE_STRIP = NO;
				DEBUG_INFORMATION_FORMAT = "dwarf-with-dsym";
				ENABLE_NS_ASSERTIONS = NO;
				ENABLE_STRICT_OBJC_MSGSEND = YES;
				GCC_C_LANGUAGE_STANDARD = gnu11;
				GCC_NO_COMMON_BLOCKS = YES;
				GCC_WARN_64_TO_32_BIT_CONVERSION = YES;
				GCC_WARN_ABOUT_RETURN_TYPE = YES_ERROR;
				GCC_WARN_UNDECLARED_SELECTOR = YES;
				GCC_WARN_UNINITIALIZED_AUTOS = YES_AGGRESSIVE;
				GCC_WARN_UNUSED_FUNCTION = YES;
				GCC_WARN_UNUSED_VARIABLE = YES;
				IPHONEOS_DEPLOYMENT_TARGET = 14.5;
				MTL_ENABLE_DEBUG_INFO = NO;
				MTL_FAST_MATH = YES;
				SDKROOT = iphoneos;
				SWIFT_COMPILATION_MODE = wholemodule;
				SWIFT_OPTIMIZATION_LEVEL = "-O";
				VALIDATE_PRODUCT = YES;
			};
			name = Release;
		};
		F48FA5FA26BAD6BB0052F2E9 /* Debug */ = {
			isa = XCBuildConfiguration;
			buildSettings = {
				ASSETCATALOG_COMPILER_APPICON_NAME = AppIcon;
				ASSETCATALOG_COMPILER_GLOBAL_ACCENT_COLOR_NAME = AccentColor;
				CODE_SIGN_STYLE = Automatic;
				INFOPLIST_FILE = ExamProject/Info.plist;
				LD_RUNPATH_SEARCH_PATHS = (
					"$(inherited)",
					"@executable_path/Frameworks",
				);
				PRODUCT_BUNDLE_IDENTIFIER = VS.ExamProject;
				PRODUCT_NAME = "$(TARGET_NAME)";
				SWIFT_VERSION = 5.0;
				TARGETED_DEVICE_FAMILY = "1,2";
			};
			name = Debug;
		};
		F48FA5FB26BAD6BB0052F2E9 /* Release */ = {
			isa = XCBuildConfiguration;
			buildSettings = {
				ASSETCATALOG_COMPILER_APPICON_NAME = AppIcon;
				ASSETCATALOG_COMPILER_GLOBAL_ACCENT_COLOR_NAME = AccentColor;
				CODE_SIGN_STYLE = Automatic;
				INFOPLIST_FILE = ExamProject/Info.plist;
				LD_RUNPATH_SEARCH_PATHS = (
					"$(inherited)",
					"@executable_path/Frameworks",
				);
				PRODUCT_BUNDLE_IDENTIFIER = VS.ExamProject;
				PRODUCT_NAME = "$(TARGET_NAME)";
				SWIFT_VERSION = 5.0;
				TARGETED_DEVICE_FAMILY = "1,2";
			};
			name = Release;
		};
/* End XCBuildConfiguration section */

/* Begin XCConfigurationList section */
		F48FA5E026BAD6BB0052F2E9 /* Build configuration list for PBXProject "ExamProject" */ = {
			isa = XCConfigurationList;
			buildConfigurations = (
				F48FA5F726BAD6BB0052F2E9 /* Debug */,
				F48FA5F826BAD6BB0052F2E9 /* Release */,
			);
			defaultConfigurationIsVisible = 0;
			defaultConfigurationName = Release;
		};
		F48FA5F926BAD6BB0052F2E9 /* Build configuration list for PBXNativeTarget "ExamProject" */ = {
			isa = XCConfigurationList;
			buildConfigurations = (
				F48FA5FA26BAD6BB0052F2E9 /* Debug */,
				F48FA5FB26BAD6BB0052F2E9 /* Release */,
			);
			defaultConfigurationIsVisible = 0;
			defaultConfigurationName = Release;
		};
/* End XCConfigurationList section */
	};
	rootObject = F48FA5DD26BAD6BB0052F2E9 /* Project object */;
}
